<Solution>
  <Project Path="forzion.tech.Api/forzion.tech.Api.csproj" />
  <Project Path="forzion.tech.Application/forzion.tech.Application.csproj" />
  <Project Path="forzion.tech.Domain/forzion.tech.Domain.csproj" />
  <Project Path="forzion.tech.Infrastructure/forzion.tech.Infrastructure.csproj" />
</Solution>
